# This file is generated by running "yarn install" inside your project.
# Manual changes might be lost - proceed with caution!

__metadata:
  version: 8
  cacheKey: 10c0

"chalk@npm:^5.4.1":
  version: 5.4.1
  resolution: "chalk@npm:5.4.1"
  checksum: 10c0/b23e88132c702f4855ca6d25cb5538b1114343e41472d5263ee8a37cccfccd9c4216d111e1097c6a27830407a1dc81fecdf2a56f2c63033d4dbbd88c10b0dcef
  languageName: node
  linkType: hard

"commander@npm:^13.1.0":
  version: 13.1.0
  resolution: "commander@npm:13.1.0"
  checksum: 10c0/7b8c5544bba704fbe84b7cab2e043df8586d5c114a4c5b607f83ae5060708940ed0b5bd5838cf8ce27539cde265c1cbd59ce3c8c6b017ed3eec8943e3a415164
  languageName: node
  linkType: hard

"esphome-decoder@workspace:.":
  version: 0.0.0-use.local
  resolution: "esphome-decoder@workspace:."
  dependencies:
    chalk: "npm:^5.4.1"
    commander: "npm:^13.1.0"
  languageName: unknown
  linkType: soft
